
Microsoft Visual Studio Solution File, Format Version 12.00
# Visual Studio Version 17
VisualStudioVersion = 17.3.32825.248
MinimumVisualStudioVersion = 10.0.40219.1
Project("{FAE04EC0-301F-11D3-BF4B-00C04F79EFBC}") = "inp_out", "inp_out.csproj", "{BEF0E10C-7C29-431A-A481-0A2B98F88675}"
EndProject
Global
	GlobalSection(SolutionConfigurationPlatforms) = preSolution
		Debug|Any CPU = Debug|Any CPU
		Release|Any CPU = Release|Any CPU
	EndGlobalSection
	GlobalSection(ProjectConfigurationPlatforms) = postSolution
		{BEF0E10C-7C29-431A-A481-0A2B98F88675}.Debug|Any CPU.ActiveCfg = Debug|Any CPU
		{BEF0E10C-7C29-431A-A481-0A2B98F88675}.Debug|Any CPU.Build.0 = Debug|Any CPU
		{BEF0E10C-7C29-431A-A481-0A2B98F88675}.Release|Any CPU.ActiveCfg = Release|Any CPU
		{BEF0E10C-7C29-431A-A481-0A2B98F88675}.Release|Any CPU.Build.0 = Release|Any CPU
	EndGlobalSection
	GlobalSection(SolutionProperties) = preSolution
		HideSolutionNode = FALSE
	EndGlobalSection
	GlobalSection(ExtensibilityGlobals) = postSolution
		SolutionGuid = {C00E5AE8-9F30-4A5C-B9A8-713E34E475C6}
	EndGlobalSection
EndGlobal
